// !$*UTF8*$!
{
	archiveVersion = 1;
	classes = {
	};
	objectVersion = 46;
	objects = {

/* Begin PBXBuildFile section */
		9C16751D181DA1B50024EE93 /* tracesViewController.m in Sources */ = {isa = PBXBuildFile; fileRef = 9C16751C181DA1B50024EE93 /* tracesViewController.m */; };
		9C27680B181C75B10073453E /* Foundation.framework in Frameworks */ = {isa = PBXBuildFile; fileRef = 9C27680A181C75B10073453E /* Foundation.framework */; };
		9C27680D181C75B10073453E /* CoreGraphics.framework in Frameworks */ = {isa = PBXBuildFile; fileRef = 9C27680C181C75B10073453E /* CoreGraphics.framework */; };
		9C27680F181C75B10073453E /* UIKit.framework in Frameworks */ = {isa = PBXBuildFile; fileRef = 9C27680E181C75B10073453E /* UIKit.framework */; };
		9C276815181C75B10073453E /* InfoPlist.strings in Resources */ = {isa = PBXBuildFile; fileRef = 9C276813181C75B10073453E /* InfoPlist.strings */; };
		9C276817181C75B10073453E /* main.m in Sources */ = {isa = PBXBuildFile; fileRef = 9C276816181C75B10073453E /* main.m */; };
		9C27681B181C75B10073453E /* AppDelegate.m in Sources */ = {isa = PBXBuildFile; fileRef = 9C27681A181C75B10073453E /* AppDelegate.m */; };
		9C27681E181C75B10073453E /* Main.storyboard in Resources */ = {isa = PBXBuildFile; fileRef = 9C27681C181C75B10073453E /* Main.storyboard */; };
		9C276821181C75B10073453E /* ViewController.m in Sources */ = {isa = PBXBuildFile; fileRef = 9C276820181C75B10073453E /* ViewController.m */; };
		9C276823181C75B10073453E /* Images.xcassets in Resources */ = {isa = PBXBuildFile; fileRef = 9C276822181C75B10073453E /* Images.xcassets */; };
		9C27682A181C75B10073453E /* XCTest.framework in Frameworks */ = {isa = PBXBuildFile; fileRef = 9C276829181C75B10073453E /* XCTest.framework */; };
		9C27682B181C75B10073453E /* Foundation.framework in Frameworks */ = {isa = PBXBuildFile; fileRef = 9C27680A181C75B10073453E /* Foundation.framework */; };
		9C27682C181C75B10073453E /* UIKit.framework in Frameworks */ = {isa = PBXBuildFile; fileRef = 9C27680E181C75B10073453E /* UIKit.framework */; };
		9C276834181C75B10073453E /* InfoPlist.strings in Resources */ = {isa = PBXBuildFile; fileRef = 9C276832181C75B10073453E /* InfoPlist.strings */; };
		9C276836181C75B10073453E /* LeaveATraceTests.m in Sources */ = {isa = PBXBuildFile; fileRef = 9C276835181C75B10073453E /* LeaveATraceTests.m */; };
		9C276841181C76720073453E /* AddItemViewController.m in Sources */ = {isa = PBXBuildFile; fileRef = 9C276840181C76720073453E /* AddItemViewController.m */; };
		9C27684C181C76B10073453E /* CanvasViewController.m in Sources */ = {isa = PBXBuildFile; fileRef = 9C276843181C76B00073453E /* CanvasViewController.m */; };
		9C27684D181C76B10073453E /* SettingsViewController.m in Sources */ = {isa = PBXBuildFile; fileRef = 9C276845181C76B00073453E /* SettingsViewController.m */; };
		9C27684E181C76B10073453E /* LoginViewController.m in Sources */ = {isa = PBXBuildFile; fileRef = 9C276847181C76B00073453E /* LoginViewController.m */; };
		9C27684F181C76B10073453E /* SignUpViewController.m in Sources */ = {isa = PBXBuildFile; fileRef = 9C276849181C76B00073453E /* SignUpViewController.m */; };
		9C276850181C76B10073453E /* RequestsAndLogOutViewController.m in Sources */ = {isa = PBXBuildFile; fileRef = 9C27684B181C76B00073453E /* RequestsAndLogOutViewController.m */; };
		9C276865181C771D0073453E /* colorsB.png in Resources */ = {isa = PBXBuildFile; fileRef = 9C276853181C771D0073453E /* colorsB.png */; };
		9C276866181C771D0073453E /* SaveB.png in Resources */ = {isa = PBXBuildFile; fileRef = 9C276854181C771D0073453E /* SaveB.png */; };
		9C276867181C771D0073453E /* sendingB.png in Resources */ = {isa = PBXBuildFile; fileRef = 9C276855181C771D0073453E /* sendingB.png */; };
		9C276868181C771D0073453E /* TrashITB.png in Resources */ = {isa = PBXBuildFile; fileRef = 9C276856181C771D0073453E /* TrashITB.png */; };
		9C276869181C771D0073453E /* CCBlack.png in Resources */ = {isa = PBXBuildFile; fileRef = 9C276858181C771D0073453E /* CCBlack.png */; };
		9C27686A181C771D0073453E /* CCBlue.png in Resources */ = {isa = PBXBuildFile; fileRef = 9C276859181C771D0073453E /* CCBlue.png */; };
		9C27686B181C771D0073453E /* CCGreen.png in Resources */ = {isa = PBXBuildFile; fileRef = 9C27685A181C771D0073453E /* CCGreen.png */; };
		9C27686C181C771D0073453E /* CCOrange.png in Resources */ = {isa = PBXBuildFile; fileRef = 9C27685B181C771D0073453E /* CCOrange.png */; };
		9C27686D181C771D0073453E /* CCRed.png in Resources */ = {isa = PBXBuildFile; fileRef = 9C27685C181C771D0073453E /* CCRed.png */; };
		9C27686E181C771D0073453E /* CCYellow.png in Resources */ = {isa = PBXBuildFile; fileRef = 9C27685D181C771D0073453E /* CCYellow.png */; };
		9C27686F181C771D0073453E /* Default-568h@2x.png in Resources */ = {isa = PBXBuildFile; fileRef = 9C27685F181C771D0073453E /* Default-568h@2x.png */; };
		9C276871181C771D0073453E /* iconsberlin@2x.png in Resources */ = {isa = PBXBuildFile; fileRef = 9C276861181C771D0073453E /* iconsberlin@2x.png */; };
		9C276872181C771D0073453E /* iconsberlin@2x3.png in Resources */ = {isa = PBXBuildFile; fileRef = 9C276862181C771D0073453E /* iconsberlin@2x3.png */; };
		9C276873181C771D0073453E /* settingsBar.png in Resources */ = {isa = PBXBuildFile; fileRef = 9C276863181C771D0073453E /* settingsBar.png */; };
		9C276877181C774F0073453E /* LeaveATraceItem.m in Sources */ = {isa = PBXBuildFile; fileRef = 9C276876181C774F0073453E /* LeaveATraceItem.m */; };
		9C27687A181C77E70073453E /* ContactsViewController.m in Sources */ = {isa = PBXBuildFile; fileRef = 9C276879181C77E70073453E /* ContactsViewController.m */; };
		9C276888181C7BAB0073453E /* AdSupport.framework in Frameworks */ = {isa = PBXBuildFile; fileRef = 9C27687E181C7BAB0073453E /* AdSupport.framework */; };
		9C27688A181C7BAB0073453E /* CFNetwork.framework in Frameworks */ = {isa = PBXBuildFile; fileRef = 9C276880181C7BAB0073453E /* CFNetwork.framework */; };
		9C27688B181C7BAB0073453E /* CoreLocation.framework in Frameworks */ = {isa = PBXBuildFile; fileRef = 9C276881181C7BAB0073453E /* CoreLocation.framework */; };
		9C27688C181C7BAB0073453E /* MobileCoreServices.framework in Frameworks */ = {isa = PBXBuildFile; fileRef = 9C276882181C7BAB0073453E /* MobileCoreServices.framework */; };
		9C27688D181C7BAB0073453E /* QuartzCore.framework in Frameworks */ = {isa = PBXBuildFile; fileRef = 9C276883181C7BAB0073453E /* QuartzCore.framework */; };
		9C27688E181C7BAB0073453E /* Security.framework in Frameworks */ = {isa = PBXBuildFile; fileRef = 9C276884181C7BAB0073453E /* Security.framework */; };
		9C27688F181C7BAB0073453E /* Social.framework in Frameworks */ = {isa = PBXBuildFile; fileRef = 9C276885181C7BAB0073453E /* Social.framework */; };
		9C276890181C7BAB0073453E /* StoreKit.framework in Frameworks */ = {isa = PBXBuildFile; fileRef = 9C276886181C7BAB0073453E /* StoreKit.framework */; };
		9C276891181C7BAB0073453E /* Twitter.framework in Frameworks */ = {isa = PBXBuildFile; fileRef = 9C276887181C7BAB0073453E /* Twitter.framework */; };
		9C276893181C7BBD0073453E /* libsqlite3.dylib in Frameworks */ = {isa = PBXBuildFile; fileRef = 9C276892181C7BBD0073453E /* libsqlite3.dylib */; };
		9C276895181C7BC90073453E /* libz.1.1.3.dylib in Frameworks */ = {isa = PBXBuildFile; fileRef = 9C276894181C7BC90073453E /* libz.1.1.3.dylib */; };
		9C276897181C7BE40073453E /* Parse.framework in Frameworks */ = {isa = PBXBuildFile; fileRef = 9C276896181C7BE40073453E /* Parse.framework */; };
		9C276899181C7C1A0073453E /* Accounts.framework in Frameworks */ = {isa = PBXBuildFile; fileRef = 9C276898181C7C1A0073453E /* Accounts.framework */; };
		9C27689B181C7C660073453E /* SystemConfiguration.framework in Frameworks */ = {isa = PBXBuildFile; fileRef = 9C27689A181C7C660073453E /* SystemConfiguration.framework */; };
		9C27689D181C7CDE0073453E /* AudioToolbox.framework in Frameworks */ = {isa = PBXBuildFile; fileRef = 9C27689C181C7CDE0073453E /* AudioToolbox.framework */; };
		9C69AA9918299DD00032EF24 /* backB.png in Resources */ = {isa = PBXBuildFile; fileRef = 9C69AA9818299DD00032EF24 /* backB.png */; };
		9C782E05182885ED00077FC8 /* eraserB.png in Resources */ = {isa = PBXBuildFile; fileRef = 9C782E04182885ED00077FC8 /* eraserB.png */; };
		9CA1B48E1832CDC700CAFA8E /* FirstPageViewController.m in Sources */ = {isa = PBXBuildFile; fileRef = 9CA1B48D1832CDC700CAFA8E /* FirstPageViewController.m */; };
		9CAC90E518413D45007CC2CD /* RequestCell.m in Sources */ = {isa = PBXBuildFile; fileRef = 9CAC90E418413D45007CC2CD /* RequestCell.m */; };
		9CAC90E818413DF5007CC2CD /* LeaveATraceRequest.m in Sources */ = {isa = PBXBuildFile; fileRef = 9CAC90E718413DF5007CC2CD /* LeaveATraceRequest.m */; };
		9CB59BB11844F94C006AB105 /* SelectAContactViewController.m in Sources */ = {isa = PBXBuildFile; fileRef = 9CB59BB01844F94C006AB105 /* SelectAContactViewController.m */; };
		9CB59BB418454A16006AB105 /* sendToCell.m in Sources */ = {isa = PBXBuildFile; fileRef = 9CB59BB318454A16006AB105 /* sendToCell.m */; };
		9CF1F932184BE89F00AE3EAC /* traceCell.m in Sources */ = {isa = PBXBuildFile; fileRef = 9CF1F931184BE89F00AE3EAC /* traceCell.m */; };
		A508D48F184A2EFC004005AD /* iconsberlin@2x copy.png in Resources */ = {isa = PBXBuildFile; fileRef = A508D48E184A2EFC004005AD /* iconsberlin@2x copy.png */; };
		A508D491184A3386004005AD /* tabBar.png in Resources */ = {isa = PBXBuildFile; fileRef = A508D490184A3386004005AD /* tabBar.png */; };
		A555C8DA1846D53B00C012ED /* ThreadViewController.m in Sources */ = {isa = PBXBuildFile; fileRef = A555C8D91846D53B00C012ED /* ThreadViewController.m */; };
		A5EAEE011847DE0300A96E3B /* didNotSeeTraceImage.png in Resources */ = {isa = PBXBuildFile; fileRef = A5EAEE001847DE0300A96E3B /* didNotSeeTraceImage.png */; };
/* End PBXBuildFile section */

/* Begin PBXContainerItemProxy section */
		9C27682D181C75B10073453E /* PBXContainerItemProxy */ = {
			isa = PBXContainerItemProxy;
			containerPortal = 9C2767FF181C75B10073453E /* Project object */;
			proxyType = 1;
			remoteGlobalIDString = 9C276806181C75B10073453E;
			remoteInfo = LeaveATrace;
		};
/* End PBXContainerItemProxy section */

/* Begin PBXFileReference section */
		9C16751B181DA1B50024EE93 /* tracesViewController.h */ = {isa = PBXFileReference; fileEncoding = 4; lastKnownFileType = sourcecode.c.h; name = tracesViewController.h; path = LeaveATrace/tracesViewController.h; sourceTree = "<group>"; };
		9C16751C181DA1B50024EE93 /* tracesViewController.m */ = {isa = PBXFileReference; fileEncoding = 4; lastKnownFileType = sourcecode.c.objc; name = tracesViewController.m; path = LeaveATrace/tracesViewController.m; sourceTree = "<group>"; };
		9C276807181C75B10073453E /* LeaveATrace.app */ = {isa = PBXFileReference; explicitFileType = wrapper.application; includeInIndex = 0; path = LeaveATrace.app; sourceTree = BUILT_PRODUCTS_DIR; };
		9C27680A181C75B10073453E /* Foundation.framework */ = {isa = PBXFileReference; lastKnownFileType = wrapper.framework; name = Foundation.framework; path = System/Library/Frameworks/Foundation.framework; sourceTree = SDKROOT; };
		9C27680C181C75B10073453E /* CoreGraphics.framework */ = {isa = PBXFileReference; lastKnownFileType = wrapper.framework; name = CoreGraphics.framework; path = System/Library/Frameworks/CoreGraphics.framework; sourceTree = SDKROOT; };
		9C27680E181C75B10073453E /* UIKit.framework */ = {isa = PBXFileReference; lastKnownFileType = wrapper.framework; name = UIKit.framework; path = System/Library/Frameworks/UIKit.framework; sourceTree = SDKROOT; };
		9C276812181C75B10073453E /* LeaveATrace-Info.plist */ = {isa = PBXFileReference; lastKnownFileType = text.plist.xml; path = "LeaveATrace-Info.plist"; sourceTree = "<group>"; };
		9C276814181C75B10073453E /* en */ = {isa = PBXFileReference; lastKnownFileType = text.plist.strings; name = en; path = en.lproj/InfoPlist.strings; sourceTree = "<group>"; };
		9C276816181C75B10073453E /* main.m */ = {isa = PBXFileReference; lastKnownFileType = sourcecode.c.objc; path = main.m; sourceTree = "<group>"; };
		9C276818181C75B10073453E /* LeaveATrace-Prefix.pch */ = {isa = PBXFileReference; lastKnownFileType = sourcecode.c.h; path = "LeaveATrace-Prefix.pch"; sourceTree = "<group>"; };
		9C276819181C75B10073453E /* AppDelegate.h */ = {isa = PBXFileReference; lastKnownFileType = sourcecode.c.h; path = AppDelegate.h; sourceTree = "<group>"; };
		9C27681A181C75B10073453E /* AppDelegate.m */ = {isa = PBXFileReference; lastKnownFileType = sourcecode.c.objc; path = AppDelegate.m; sourceTree = "<group>"; };
		9C27681D181C75B10073453E /* Base */ = {isa = PBXFileReference; lastKnownFileType = file.storyboard; name = Base; path = Base.lproj/Main.storyboard; sourceTree = "<group>"; };
		9C27681F181C75B10073453E /* ViewController.h */ = {isa = PBXFileReference; lastKnownFileType = sourcecode.c.h; path = ViewController.h; sourceTree = "<group>"; };
		9C276820181C75B10073453E /* ViewController.m */ = {isa = PBXFileReference; lastKnownFileType = sourcecode.c.objc; path = ViewController.m; sourceTree = "<group>"; };
		9C276822181C75B10073453E /* Images.xcassets */ = {isa = PBXFileReference; lastKnownFileType = folder.assetcatalog; path = Images.xcassets; sourceTree = "<group>"; };
		9C276828181C75B10073453E /* LeaveATraceTests.xctest */ = {isa = PBXFileReference; explicitFileType = wrapper.cfbundle; includeInIndex = 0; path = LeaveATraceTests.xctest; sourceTree = BUILT_PRODUCTS_DIR; };
		9C276829181C75B10073453E /* XCTest.framework */ = {isa = PBXFileReference; lastKnownFileType = wrapper.framework; name = XCTest.framework; path = Library/Frameworks/XCTest.framework; sourceTree = DEVELOPER_DIR; };
		9C276831181C75B10073453E /* LeaveATraceTests-Info.plist */ = {isa = PBXFileReference; lastKnownFileType = text.plist.xml; path = "LeaveATraceTests-Info.plist"; sourceTree = "<group>"; };
		9C276833181C75B10073453E /* en */ = {isa = PBXFileReference; lastKnownFileType = text.plist.strings; name = en; path = en.lproj/InfoPlist.strings; sourceTree = "<group>"; };
		9C276835181C75B10073453E /* LeaveATraceTests.m */ = {isa = PBXFileReference; lastKnownFileType = sourcecode.c.objc; path = LeaveATraceTests.m; sourceTree = "<group>"; };
		9C27683F181C76720073453E /* AddItemViewController.h */ = {isa = PBXFileReference; fileEncoding = 4; lastKnownFileType = sourcecode.c.h; name = AddItemViewController.h; path = LeaveATrace/AddItemViewController.h; sourceTree = "<group>"; };
		9C276840181C76720073453E /* AddItemViewController.m */ = {isa = PBXFileReference; fileEncoding = 4; lastKnownFileType = sourcecode.c.objc; name = AddItemViewController.m; path = LeaveATrace/AddItemViewController.m; sourceTree = "<group>"; };
		9C276842181C76B00073453E /* CanvasViewController.h */ = {isa = PBXFileReference; fileEncoding = 4; lastKnownFileType = sourcecode.c.h; name = CanvasViewController.h; path = LeaveATrace/CanvasViewController.h; sourceTree = "<group>"; };
		9C276843181C76B00073453E /* CanvasViewController.m */ = {isa = PBXFileReference; fileEncoding = 4; lastKnownFileType = sourcecode.c.objc; name = CanvasViewController.m; path = LeaveATrace/CanvasViewController.m; sourceTree = "<group>"; };
		9C276844181C76B00073453E /* SettingsViewController.h */ = {isa = PBXFileReference; fileEncoding = 4; lastKnownFileType = sourcecode.c.h; name = SettingsViewController.h; path = LeaveATrace/SettingsViewController.h; sourceTree = "<group>"; };
		9C276845181C76B00073453E /* SettingsViewController.m */ = {isa = PBXFileReference; fileEncoding = 4; lastKnownFileType = sourcecode.c.objc; name = SettingsViewController.m; path = LeaveATrace/SettingsViewController.m; sourceTree = "<group>"; };
		9C276846181C76B00073453E /* LoginViewController.h */ = {isa = PBXFileReference; fileEncoding = 4; lastKnownFileType = sourcecode.c.h; name = LoginViewController.h; path = LeaveATrace/LoginViewController.h; sourceTree = "<group>"; };
		9C276847181C76B00073453E /* LoginViewController.m */ = {isa = PBXFileReference; fileEncoding = 4; lastKnownFileType = sourcecode.c.objc; name = LoginViewController.m; path = LeaveATrace/LoginViewController.m; sourceTree = "<group>"; };
		9C276848181C76B00073453E /* SignUpViewController.h */ = {isa = PBXFileReference; fileEncoding = 4; lastKnownFileType = sourcecode.c.h; name = SignUpViewController.h; path = LeaveATrace/SignUpViewController.h; sourceTree = "<group>"; };
		9C276849181C76B00073453E /* SignUpViewController.m */ = {isa = PBXFileReference; fileEncoding = 4; lastKnownFileType = sourcecode.c.objc; name = SignUpViewController.m; path = LeaveATrace/SignUpViewController.m; sourceTree = "<group>"; };
		9C27684A181C76B00073453E /* RequestsAndLogOutViewController.h */ = {isa = PBXFileReference; fileEncoding = 4; lastKnownFileType = sourcecode.c.h; name = RequestsAndLogOutViewController.h; path = LeaveATrace/RequestsAndLogOutViewController.h; sourceTree = "<group>"; };
		9C27684B181C76B00073453E /* RequestsAndLogOutViewController.m */ = {isa = PBXFileReference; fileEncoding = 4; lastKnownFileType = sourcecode.c.objc; name = RequestsAndLogOutViewController.m; path = LeaveATrace/RequestsAndLogOutViewController.m; sourceTree = "<group>"; };
		9C276853181C771D0073453E /* colorsB.png */ = {isa = PBXFileReference; lastKnownFileType = image.png; path = colorsB.png; sourceTree = "<group>"; };
		9C276854181C771D0073453E /* SaveB.png */ = {isa = PBXFileReference; lastKnownFileType = image.png; path = SaveB.png; sourceTree = "<group>"; };
		9C276855181C771D0073453E /* sendingB.png */ = {isa = PBXFileReference; lastKnownFileType = image.png; path = sendingB.png; sourceTree = "<group>"; };
		9C276856181C771D0073453E /* TrashITB.png */ = {isa = PBXFileReference; lastKnownFileType = image.png; path = TrashITB.png; sourceTree = "<group>"; };
		9C276858181C771D0073453E /* CCBlack.png */ = {isa = PBXFileReference; lastKnownFileType = image.png; path = CCBlack.png; sourceTree = "<group>"; };
		9C276859181C771D0073453E /* CCBlue.png */ = {isa = PBXFileReference; lastKnownFileType = image.png; path = CCBlue.png; sourceTree = "<group>"; };
		9C27685A181C771D0073453E /* CCGreen.png */ = {isa = PBXFileReference; lastKnownFileType = image.png; path = CCGreen.png; sourceTree = "<group>"; };
		9C27685B181C771D0073453E /* CCOrange.png */ = {isa = PBXFileReference; lastKnownFileType = image.png; path = CCOrange.png; sourceTree = "<group>"; };
		9C27685C181C771D0073453E /* CCRed.png */ = {isa = PBXFileReference; lastKnownFileType = image.png; path = CCRed.png; sourceTree = "<group>"; };
		9C27685D181C771D0073453E /* CCYellow.png */ = {isa = PBXFileReference; lastKnownFileType = image.png; path = CCYellow.png; sourceTree = "<group>"; };
		9C27685F181C771D0073453E /* Default-568h@2x.png */ = {isa = PBXFileReference; lastKnownFileType = image.png; path = "Default-568h@2x.png"; sourceTree = "<group>"; };
		9C276861181C771D0073453E /* iconsberlin@2x.png */ = {isa = PBXFileReference; lastKnownFileType = image.png; path = "iconsberlin@2x.png"; sourceTree = "<group>"; };
		9C276862181C771D0073453E /* iconsberlin@2x3.png */ = {isa = PBXFileReference; lastKnownFileType = image.png; path = "iconsberlin@2x3.png"; sourceTree = "<group>"; };
		9C276863181C771D0073453E /* settingsBar.png */ = {isa = PBXFileReference; lastKnownFileType = image.png; path = settingsBar.png; sourceTree = "<group>"; };
		9C276875181C774F0073453E /* LeaveATraceItem.h */ = {isa = PBXFileReference; fileEncoding = 4; lastKnownFileType = sourcecode.c.h; name = LeaveATraceItem.h; path = LeaveATrace/LeaveATraceItem.h; sourceTree = "<group>"; };
		9C276876181C774F0073453E /* LeaveATraceItem.m */ = {isa = PBXFileReference; fileEncoding = 4; lastKnownFileType = sourcecode.c.objc; name = LeaveATraceItem.m; path = LeaveATrace/LeaveATraceItem.m; sourceTree = "<group>"; };
		9C276878181C77E70073453E /* ContactsViewController.h */ = {isa = PBXFileReference; fileEncoding = 4; lastKnownFileType = sourcecode.c.h; name = ContactsViewController.h; path = LeaveATrace/ContactsViewController.h; sourceTree = "<group>"; };
		9C276879181C77E70073453E /* ContactsViewController.m */ = {isa = PBXFileReference; fileEncoding = 4; lastKnownFileType = sourcecode.c.objc; name = ContactsViewController.m; path = LeaveATrace/ContactsViewController.m; sourceTree = "<group>"; };
		9C27687E181C7BAB0073453E /* AdSupport.framework */ = {isa = PBXFileReference; lastKnownFileType = wrapper.framework; name = AdSupport.framework; path = System/Library/Frameworks/AdSupport.framework; sourceTree = SDKROOT; };
		9C27687F181C7BAB0073453E /* AudioUnit.framework */ = {isa = PBXFileReference; lastKnownFileType = wrapper.framework; name = AudioUnit.framework; path = System/Library/Frameworks/AudioUnit.framework; sourceTree = SDKROOT; };
		9C276880181C7BAB0073453E /* CFNetwork.framework */ = {isa = PBXFileReference; lastKnownFileType = wrapper.framework; name = CFNetwork.framework; path = System/Library/Frameworks/CFNetwork.framework; sourceTree = SDKROOT; };
		9C276881181C7BAB0073453E /* CoreLocation.framework */ = {isa = PBXFileReference; lastKnownFileType = wrapper.framework; name = CoreLocation.framework; path = System/Library/Frameworks/CoreLocation.framework; sourceTree = SDKROOT; };
		9C276882181C7BAB0073453E /* MobileCoreServices.framework */ = {isa = PBXFileReference; lastKnownFileType = wrapper.framework; name = MobileCoreServices.framework; path = System/Library/Frameworks/MobileCoreServices.framework; sourceTree = SDKROOT; };
		9C276883181C7BAB0073453E /* QuartzCore.framework */ = {isa = PBXFileReference; lastKnownFileType = wrapper.framework; name = QuartzCore.framework; path = System/Library/Frameworks/QuartzCore.framework; sourceTree = SDKROOT; };
		9C276884181C7BAB0073453E /* Security.framework */ = {isa = PBXFileReference; lastKnownFileType = wrapper.framework; name = Security.framework; path = System/Library/Frameworks/Security.framework; sourceTree = SDKROOT; };
		9C276885181C7BAB0073453E /* Social.framework */ = {isa = PBXFileReference; lastKnownFileType = wrapper.framework; name = Social.framework; path = System/Library/Frameworks/Social.framework; sourceTree = SDKROOT; };
		9C276886181C7BAB0073453E /* StoreKit.framework */ = {isa = PBXFileReference; lastKnownFileType = wrapper.framework; name = StoreKit.framework; path = System/Library/Frameworks/StoreKit.framework; sourceTree = SDKROOT; };
		9C276887181C7BAB0073453E /* Twitter.framework */ = {isa = PBXFileReference; lastKnownFileType = wrapper.framework; name = Twitter.framework; path = System/Library/Frameworks/Twitter.framework; sourceTree = SDKROOT; };
		9C276892181C7BBD0073453E /* libsqlite3.dylib */ = {isa = PBXFileReference; lastKnownFileType = "compiled.mach-o.dylib"; name = libsqlite3.dylib; path = usr/lib/libsqlite3.dylib; sourceTree = SDKROOT; };
		9C276894181C7BC90073453E /* libz.1.1.3.dylib */ = {isa = PBXFileReference; lastKnownFileType = "compiled.mach-o.dylib"; name = libz.1.1.3.dylib; path = usr/lib/libz.1.1.3.dylib; sourceTree = SDKROOT; };
		9C276896181C7BE40073453E /* Parse.framework */ = {isa = PBXFileReference; lastKnownFileType = wrapper.framework; path = Parse.framework; sourceTree = "<group>"; };
		9C276898181C7C1A0073453E /* Accounts.framework */ = {isa = PBXFileReference; lastKnownFileType = wrapper.framework; name = Accounts.framework; path = System/Library/Frameworks/Accounts.framework; sourceTree = SDKROOT; };
		9C27689A181C7C660073453E /* SystemConfiguration.framework */ = {isa = PBXFileReference; lastKnownFileType = wrapper.framework; name = SystemConfiguration.framework; path = System/Library/Frameworks/SystemConfiguration.framework; sourceTree = SDKROOT; };
		9C27689C181C7CDE0073453E /* AudioToolbox.framework */ = {isa = PBXFileReference; lastKnownFileType = wrapper.framework; name = AudioToolbox.framework; path = System/Library/Frameworks/AudioToolbox.framework; sourceTree = SDKROOT; };
		9C69AA9818299DD00032EF24 /* backB.png */ = {isa = PBXFileReference; lastKnownFileType = image.png; path = backB.png; sourceTree = "<group>"; };
		9C782E04182885ED00077FC8 /* eraserB.png */ = {isa = PBXFileReference; lastKnownFileType = image.png; path = eraserB.png; sourceTree = "<group>"; };
		9CA1B48C1832CDC700CAFA8E /* FirstPageViewController.h */ = {isa = PBXFileReference; fileEncoding = 4; lastKnownFileType = sourcecode.c.h; name = FirstPageViewController.h; path = LeaveATrace/FirstPageViewController.h; sourceTree = "<group>"; };
		9CA1B48D1832CDC700CAFA8E /* FirstPageViewController.m */ = {isa = PBXFileReference; fileEncoding = 4; lastKnownFileType = sourcecode.c.objc; name = FirstPageViewController.m; path = LeaveATrace/FirstPageViewController.m; sourceTree = "<group>"; };
		9CAC90E318413D45007CC2CD /* RequestCell.h */ = {isa = PBXFileReference; fileEncoding = 4; lastKnownFileType = sourcecode.c.h; name = RequestCell.h; path = LeaveATrace/RequestCell.h; sourceTree = "<group>"; };
		9CAC90E418413D45007CC2CD /* RequestCell.m */ = {isa = PBXFileReference; fileEncoding = 4; lastKnownFileType = sourcecode.c.objc; name = RequestCell.m; path = LeaveATrace/RequestCell.m; sourceTree = "<group>"; };
		9CAC90E618413DF5007CC2CD /* LeaveATraceRequest.h */ = {isa = PBXFileReference; fileEncoding = 4; lastKnownFileType = sourcecode.c.h; name = LeaveATraceRequest.h; path = LeaveATrace/LeaveATraceRequest.h; sourceTree = "<group>"; };
		9CAC90E718413DF5007CC2CD /* LeaveATraceRequest.m */ = {isa = PBXFileReference; fileEncoding = 4; lastKnownFileType = sourcecode.c.objc; name = LeaveATraceRequest.m; path = LeaveATrace/LeaveATraceRequest.m; sourceTree = "<group>"; };
		9CB59BAF1844F94C006AB105 /* SelectAContactViewController.h */ = {isa = PBXFileReference; fileEncoding = 4; lastKnownFileType = sourcecode.c.h; name = SelectAContactViewController.h; path = LeaveATrace/SelectAContactViewController.h; sourceTree = "<group>"; };
		9CB59BB01844F94C006AB105 /* SelectAContactViewController.m */ = {isa = PBXFileReference; fileEncoding = 4; lastKnownFileType = sourcecode.c.objc; name = SelectAContactViewController.m; path = LeaveATrace/SelectAContactViewController.m; sourceTree = "<group>"; };
		9CB59BB218454A16006AB105 /* sendToCell.h */ = {isa = PBXFileReference; fileEncoding = 4; lastKnownFileType = sourcecode.c.h; name = sendToCell.h; path = LeaveATrace/sendToCell.h; sourceTree = "<group>"; };
		9CB59BB318454A16006AB105 /* sendToCell.m */ = {isa = PBXFileReference; fileEncoding = 4; lastKnownFileType = sourcecode.c.objc; name = sendToCell.m; path = LeaveATrace/sendToCell.m; sourceTree = "<group>"; };
		9CF1F930184BE89F00AE3EAC /* traceCell.h */ = {isa = PBXFileReference; fileEncoding = 4; lastKnownFileType = sourcecode.c.h; name = traceCell.h; path = LeaveATrace/traceCell.h; sourceTree = "<group>"; };
		9CF1F931184BE89F00AE3EAC /* traceCell.m */ = {isa = PBXFileReference; fileEncoding = 4; lastKnownFileType = sourcecode.c.objc; name = traceCell.m; path = LeaveATrace/traceCell.m; sourceTree = "<group>"; };
		A508D48E184A2EFC004005AD /* iconsberlin@2x copy.png */ = {isa = PBXFileReference; lastKnownFileType = image.png; path = "iconsberlin@2x copy.png"; sourceTree = "<group>"; };
		A508D490184A3386004005AD /* tabBar.png */ = {isa = PBXFileReference; lastKnownFileType = image.png; path = tabBar.png; sourceTree = "<group>"; };
		A555C8D81846D53B00C012ED /* ThreadViewController.h */ = {isa = PBXFileReference; fileEncoding = 4; lastKnownFileType = sourcecode.c.h; name = ThreadViewController.h; path = LeaveATrace/ThreadViewController.h; sourceTree = "<group>"; };
		A555C8D91846D53B00C012ED /* ThreadViewController.m */ = {isa = PBXFileReference; fileEncoding = 4; lastKnownFileType = sourcecode.c.objc; name = ThreadViewController.m; path = LeaveATrace/ThreadViewController.m; sourceTree = "<group>"; };
		A5EAEE001847DE0300A96E3B /* didNotSeeTraceImage.png */ = {isa = PBXFileReference; lastKnownFileType = image.png; path = didNotSeeTraceImage.png; sourceTree = "<group>"; };
/* End PBXFileReference section */

/* Begin PBXFrameworksBuildPhase section */
		9C276804181C75B10073453E /* Frameworks */ = {
			isa = PBXFrameworksBuildPhase;
			buildActionMask = 2147483647;
			files = (
				9C27689D181C7CDE0073453E /* AudioToolbox.framework in Frameworks */,
				9C276899181C7C1A0073453E /* Accounts.framework in Frameworks */,
				9C276888181C7BAB0073453E /* AdSupport.framework in Frameworks */,
				9C27688A181C7BAB0073453E /* CFNetwork.framework in Frameworks */,
				9C27680D181C75B10073453E /* CoreGraphics.framework in Frameworks */,
				9C27688B181C7BAB0073453E /* CoreLocation.framework in Frameworks */,
				9C276893181C7BBD0073453E /* libsqlite3.dylib in Frameworks */,
				9C276895181C7BC90073453E /* libz.1.1.3.dylib in Frameworks */,
				9C27688C181C7BAB0073453E /* MobileCoreServices.framework in Frameworks */,
				9C27688D181C7BAB0073453E /* QuartzCore.framework in Frameworks */,
				9C27688E181C7BAB0073453E /* Security.framework in Frameworks */,
				9C27688F181C7BAB0073453E /* Social.framework in Frameworks */,
				9C276890181C7BAB0073453E /* StoreKit.framework in Frameworks */,
				9C27689B181C7C660073453E /* SystemConfiguration.framework in Frameworks */,
				9C27680F181C75B10073453E /* UIKit.framework in Frameworks */,
				9C27680B181C75B10073453E /* Foundation.framework in Frameworks */,
				9C276897181C7BE40073453E /* Parse.framework in Frameworks */,
				9C276891181C7BAB0073453E /* Twitter.framework in Frameworks */,
			);
			runOnlyForDeploymentPostprocessing = 0;
		};
		9C276825181C75B10073453E /* Frameworks */ = {
			isa = PBXFrameworksBuildPhase;
			buildActionMask = 2147483647;
			files = (
				9C27682A181C75B10073453E /* XCTest.framework in Frameworks */,
				9C27682C181C75B10073453E /* UIKit.framework in Frameworks */,
				9C27682B181C75B10073453E /* Foundation.framework in Frameworks */,
			);
			runOnlyForDeploymentPostprocessing = 0;
		};
/* End PBXFrameworksBuildPhase section */

/* Begin PBXGroup section */
		9C2767FE181C75B10073453E = {
			isa = PBXGroup;
			children = (
				A555C8D71846D4C600C012ED /* Thread View */,
				9CAC90ED184281A6007CC2CD /* Traces Views */,
				9CA1B492183D90AE00CAFA8E /* Requests Views */,
				9CA1B48F183D906300CAFA8E /* Contacts Views */,
				9CA1B491183D909E00CAFA8E /* Drawing Views */,
				9CA1B490183D907C00CAFA8E /* Login and Sign Up Views */,
				9C276810181C75B10073453E /* LeaveATrace */,
				9C276851181C771D0073453E /* images */,
				9C27682F181C75B10073453E /* LeaveATraceTests */,
				9C276809181C75B10073453E /* Frameworks */,
				9C276808181C75B10073453E /* Products */,
			);
			sourceTree = "<group>";
		};
		9C276808181C75B10073453E /* Products */ = {
			isa = PBXGroup;
			children = (
				9C276807181C75B10073453E /* LeaveATrace.app */,
				9C276828181C75B10073453E /* LeaveATraceTests.xctest */,
			);
			name = Products;
			sourceTree = "<group>";
		};
		9C276809181C75B10073453E /* Frameworks */ = {
			isa = PBXGroup;
			children = (
				9C27689C181C7CDE0073453E /* AudioToolbox.framework */,
				9C27689A181C7C660073453E /* SystemConfiguration.framework */,
				9C276898181C7C1A0073453E /* Accounts.framework */,
				9C276896181C7BE40073453E /* Parse.framework */,
				9C276894181C7BC90073453E /* libz.1.1.3.dylib */,
				9C276892181C7BBD0073453E /* libsqlite3.dylib */,
				9C27687E181C7BAB0073453E /* AdSupport.framework */,
				9C27687F181C7BAB0073453E /* AudioUnit.framework */,
				9C276880181C7BAB0073453E /* CFNetwork.framework */,
				9C276881181C7BAB0073453E /* CoreLocation.framework */,
				9C276882181C7BAB0073453E /* MobileCoreServices.framework */,
				9C276883181C7BAB0073453E /* QuartzCore.framework */,
				9C276884181C7BAB0073453E /* Security.framework */,
				9C276885181C7BAB0073453E /* Social.framework */,
				9C276886181C7BAB0073453E /* StoreKit.framework */,
				9C276887181C7BAB0073453E /* Twitter.framework */,
				9C27680A181C75B10073453E /* Foundation.framework */,
				9C27680C181C75B10073453E /* CoreGraphics.framework */,
				9C27680E181C75B10073453E /* UIKit.framework */,
				9C276829181C75B10073453E /* XCTest.framework */,
			);
			name = Frameworks;
			sourceTree = "<group>";
		};
		9C276810181C75B10073453E /* LeaveATrace */ = {
			isa = PBXGroup;
			children = (
				9C276819181C75B10073453E /* AppDelegate.h */,
				9C27681A181C75B10073453E /* AppDelegate.m */,
				9C27681C181C75B10073453E /* Main.storyboard */,
				9C27681F181C75B10073453E /* ViewController.h */,
				9C276820181C75B10073453E /* ViewController.m */,
				9C276822181C75B10073453E /* Images.xcassets */,
				9C276811181C75B10073453E /* Supporting Files */,
			);
			path = LeaveATrace;
			sourceTree = "<group>";
		};
		9C276811181C75B10073453E /* Supporting Files */ = {
			isa = PBXGroup;
			children = (
				9C276812181C75B10073453E /* LeaveATrace-Info.plist */,
				9C276813181C75B10073453E /* InfoPlist.strings */,
				9C276816181C75B10073453E /* main.m */,
				9C276818181C75B10073453E /* LeaveATrace-Prefix.pch */,
			);
			name = "Supporting Files";
			sourceTree = "<group>";
		};
		9C27682F181C75B10073453E /* LeaveATraceTests */ = {
			isa = PBXGroup;
			children = (
				9C276835181C75B10073453E /* LeaveATraceTests.m */,
				9C276830181C75B10073453E /* Supporting Files */,
			);
			path = LeaveATraceTests;
			sourceTree = "<group>";
		};
		9C276830181C75B10073453E /* Supporting Files */ = {
			isa = PBXGroup;
			children = (
				9C276831181C75B10073453E /* LeaveATraceTests-Info.plist */,
				9C276832181C75B10073453E /* InfoPlist.strings */,
			);
			name = "Supporting Files";
			sourceTree = "<group>";
		};
		9C276851181C771D0073453E /* images */ = {
			isa = PBXGroup;
			children = (
				9C276852181C771D0073453E /* buttons */,
				9C276857181C771D0073453E /* colors */,
				9C27685E181C771D0073453E /* other */,
			);
			path = images;
			sourceTree = "<group>";
		};
		9C276852181C771D0073453E /* buttons */ = {
			isa = PBXGroup;
			children = (
				9C69AA9818299DD00032EF24 /* backB.png */,
				9C782E04182885ED00077FC8 /* eraserB.png */,
				9C276853181C771D0073453E /* colorsB.png */,
				9C276854181C771D0073453E /* SaveB.png */,
				9C276855181C771D0073453E /* sendingB.png */,
				9C276856181C771D0073453E /* TrashITB.png */,
			);
			path = buttons;
			sourceTree = "<group>";
		};
		9C276857181C771D0073453E /* colors */ = {
			isa = PBXGroup;
			children = (
				9C276858181C771D0073453E /* CCBlack.png */,
				9C276859181C771D0073453E /* CCBlue.png */,
				9C27685A181C771D0073453E /* CCGreen.png */,
				9C27685B181C771D0073453E /* CCOrange.png */,
				9C27685C181C771D0073453E /* CCRed.png */,
				9C27685D181C771D0073453E /* CCYellow.png */,
			);
			path = colors;
			sourceTree = "<group>";
		};
		9C27685E181C771D0073453E /* other */ = {
			isa = PBXGroup;
			children = (
				9C27685F181C771D0073453E /* Default-568h@2x.png */,
				A508D490184A3386004005AD /* tabBar.png */,
				A508D48E184A2EFC004005AD /* iconsberlin@2x copy.png */,
				A5EAEE001847DE0300A96E3B /* didNotSeeTraceImage.png */,
				9C276861181C771D0073453E /* iconsberlin@2x.png */,
				9C276862181C771D0073453E /* iconsberlin@2x3.png */,
				9C276863181C771D0073453E /* settingsBar.png */,
			);
			path = other;
			sourceTree = "<group>";
		};
		9CA1B48F183D906300CAFA8E /* Contacts Views */ = {
			isa = PBXGroup;
			children = (
				9C27683F181C76720073453E /* AddItemViewController.h */,
				9C276840181C76720073453E /* AddItemViewController.m */,
				9C276875181C774F0073453E /* LeaveATraceItem.h */,
				9C276876181C774F0073453E /* LeaveATraceItem.m */,
				9CB59BAF1844F94C006AB105 /* SelectAContactViewController.h */,
				9CB59BB01844F94C006AB105 /* SelectAContactViewController.m */,
				9CB59BB218454A16006AB105 /* sendToCell.h */,
				9CB59BB318454A16006AB105 /* sendToCell.m */,
				9C276878181C77E70073453E /* ContactsViewController.h */,
				9C276879181C77E70073453E /* ContactsViewController.m */,
			);
			name = "Contacts Views";
			sourceTree = "<group>";
		};
		9CA1B490183D907C00CAFA8E /* Login and Sign Up Views */ = {
			isa = PBXGroup;
			children = (
				9CA1B48C1832CDC700CAFA8E /* FirstPageViewController.h */,
				9CA1B48D1832CDC700CAFA8E /* FirstPageViewController.m */,
				9C276846181C76B00073453E /* LoginViewController.h */,
				9C276847181C76B00073453E /* LoginViewController.m */,
				9C276848181C76B00073453E /* SignUpViewController.h */,
				9C276849181C76B00073453E /* SignUpViewController.m */,
			);
			name = "Login and Sign Up Views";
			sourceTree = "<group>";
		};
		9CA1B491183D909E00CAFA8E /* Drawing Views */ = {
			isa = PBXGroup;
			children = (
				9C276842181C76B00073453E /* CanvasViewController.h */,
				9C276843181C76B00073453E /* CanvasViewController.m */,
				9C276844181C76B00073453E /* SettingsViewController.h */,
				9C276845181C76B00073453E /* SettingsViewController.m */,
			);
			name = "Drawing Views";
			sourceTree = "<group>";
		};
		9CA1B492183D90AE00CAFA8E /* Requests Views */ = {
			isa = PBXGroup;
			children = (
				9C27684A181C76B00073453E /* RequestsAndLogOutViewController.h */,
				9C27684B181C76B00073453E /* RequestsAndLogOutViewController.m */,
				9CAC90E318413D45007CC2CD /* RequestCell.h */,
				9CAC90E418413D45007CC2CD /* RequestCell.m */,
				9CAC90E618413DF5007CC2CD /* LeaveATraceRequest.h */,
				9CAC90E718413DF5007CC2CD /* LeaveATraceRequest.m */,
			);
			name = "Requests Views";
			sourceTree = "<group>";
		};
		9CAC90ED184281A6007CC2CD /* Traces Views */ = {
			isa = PBXGroup;
			children = (
				9C16751B181DA1B50024EE93 /* tracesViewController.h */,
				9C16751C181DA1B50024EE93 /* tracesViewController.m */,
				9CF1F930184BE89F00AE3EAC /* traceCell.h */,
				9CF1F931184BE89F00AE3EAC /* traceCell.m */,
			);
			name = "Traces Views";
			sourceTree = "<group>";
		};
		A555C8D71846D4C600C012ED /* Thread View */ = {
			isa = PBXGroup;
			children = (
				A555C8D81846D53B00C012ED /* ThreadViewController.h */,
				A555C8D91846D53B00C012ED /* ThreadViewController.m */,
			);
			name = "Thread View";
			sourceTree = "<group>";
		};
/* End PBXGroup section */

/* Begin PBXNativeTarget section */
		9C276806181C75B10073453E /* LeaveATrace */ = {
			isa = PBXNativeTarget;
			buildConfigurationList = 9C276839181C75B10073453E /* Build configuration list for PBXNativeTarget "LeaveATrace" */;
			buildPhases = (
				9C276803181C75B10073453E /* Sources */,
				9C276804181C75B10073453E /* Frameworks */,
				9C276805181C75B10073453E /* Resources */,
			);
			buildRules = (
			);
			dependencies = (
			);
			name = LeaveATrace;
			productName = LeaveATrace;
			productReference = 9C276807181C75B10073453E /* LeaveATrace.app */;
			productType = "com.apple.product-type.application";
		};
		9C276827181C75B10073453E /* LeaveATraceTests */ = {
			isa = PBXNativeTarget;
			buildConfigurationList = 9C27683C181C75B10073453E /* Build configuration list for PBXNativeTarget "LeaveATraceTests" */;
			buildPhases = (
				9C276824181C75B10073453E /* Sources */,
				9C276825181C75B10073453E /* Frameworks */,
				9C276826181C75B10073453E /* Resources */,
			);
			buildRules = (
			);
			dependencies = (
				9C27682E181C75B10073453E /* PBXTargetDependency */,
			);
			name = LeaveATraceTests;
			productName = LeaveATraceTests;
			productReference = 9C276828181C75B10073453E /* LeaveATraceTests.xctest */;
			productType = "com.apple.product-type.bundle.unit-test";
		};
/* End PBXNativeTarget section */

/* Begin PBXProject section */
		9C2767FF181C75B10073453E /* Project object */ = {
			isa = PBXProject;
			attributes = {
				LastUpgradeCheck = 0500;
				ORGANIZATIONNAME = 15and50;
				TargetAttributes = {
					9C276827181C75B10073453E = {
						TestTargetID = 9C276806181C75B10073453E;
					};
				};
			};
			buildConfigurationList = 9C276802181C75B10073453E /* Build configuration list for PBXProject "LeaveATrace" */;
			compatibilityVersion = "Xcode 3.2";
			developmentRegion = English;
			hasScannedForEncodings = 0;
			knownRegions = (
				en,
				Base,
			);
			mainGroup = 9C2767FE181C75B10073453E;
			productRefGroup = 9C276808181C75B10073453E /* Products */;
			projectDirPath = "";
			projectRoot = "";
			targets = (
				9C276806181C75B10073453E /* LeaveATrace */,
				9C276827181C75B10073453E /* LeaveATraceTests */,
			);
		};
/* End PBXProject section */

/* Begin PBXResourcesBuildPhase section */
		9C276805181C75B10073453E /* Resources */ = {
			isa = PBXResourcesBuildPhase;
			buildActionMask = 2147483647;
			files = (
				9C276866181C771D0073453E /* SaveB.png in Resources */,
				9C276869181C771D0073453E /* CCBlack.png in Resources */,
				9C27686A181C771D0073453E /* CCBlue.png in Resources */,
				9C276868181C771D0073453E /* TrashITB.png in Resources */,
				9C276872181C771D0073453E /* iconsberlin@2x3.png in Resources */,
				9C276823181C75B10073453E /* Images.xcassets in Resources */,
				9C27686F181C771D0073453E /* Default-568h@2x.png in Resources */,
				9C276871181C771D0073453E /* iconsberlin@2x.png in Resources */,
				9C276815181C75B10073453E /* InfoPlist.strings in Resources */,
				9C276865181C771D0073453E /* colorsB.png in Resources */,
				9C69AA9918299DD00032EF24 /* backB.png in Resources */,
				9C782E05182885ED00077FC8 /* eraserB.png in Resources */,
				9C27686C181C771D0073453E /* CCOrange.png in Resources */,
				9C276873181C771D0073453E /* settingsBar.png in Resources */,
				9C27686E181C771D0073453E /* CCYellow.png in Resources */,
				A508D48F184A2EFC004005AD /* iconsberlin@2x copy.png in Resources */,
				A5EAEE011847DE0300A96E3B /* didNotSeeTraceImage.png in Resources */,
				9C27686B181C771D0073453E /* CCGreen.png in Resources */,
				9C27686D181C771D0073453E /* CCRed.png in Resources */,
				9C27681E181C75B10073453E /* Main.storyboard in Resources */,
				9C276867181C771D0073453E /* sendingB.png in Resources */,
				A508D491184A3386004005AD /* tabBar.png in Resources */,
			);
			runOnlyForDeploymentPostprocessing = 0;
		};
		9C276826181C75B10073453E /* Resources */ = {
			isa = PBXResourcesBuildPhase;
			buildActionMask = 2147483647;
			files = (
				9C276834181C75B10073453E /* InfoPlist.strings in Resources */,
			);
			runOnlyForDeploymentPostprocessing = 0;
		};
/* End PBXResourcesBuildPhase section */

/* Begin PBXSourcesBuildPhase section */
		9C276803181C75B10073453E /* Sources */ = {
			isa = PBXSourcesBuildPhase;
			buildActionMask = 2147483647;
			files = (
				9C27687A181C77E70073453E /* ContactsViewController.m in Sources */,
				9C276821181C75B10073453E /* ViewController.m in Sources */,
				9C276841181C76720073453E /* AddItemViewController.m in Sources */,
				9C27684C181C76B10073453E /* CanvasViewController.m in Sources */,
				9CB59BB418454A16006AB105 /* sendToCell.m in Sources */,
				9CA1B48E1832CDC700CAFA8E /* FirstPageViewController.m in Sources */,
				9CAC90E818413DF5007CC2CD /* LeaveATraceRequest.m in Sources */,
				9C27684D181C76B10073453E /* SettingsViewController.m in Sources */,
				9C276877181C774F0073453E /* LeaveATraceItem.m in Sources */,
				9C27684E181C76B10073453E /* LoginViewController.m in Sources */,
				9C16751D181DA1B50024EE93 /* tracesViewController.m in Sources */,
				A555C8DA1846D53B00C012ED /* ThreadViewController.m in Sources */,
				9CAC90E518413D45007CC2CD /* RequestCell.m in Sources */,
				9C27681B181C75B10073453E /* AppDelegate.m in Sources */,
				9CB59BB11844F94C006AB105 /* SelectAContactViewController.m in Sources */,
				9C27684F181C76B10073453E /* SignUpViewController.m in Sources */,
				9CF1F932184BE89F00AE3EAC /* traceCell.m in Sources */,
				9C276850181C76B10073453E /* RequestsAndLogOutViewController.m in Sources */,
				9C276817181C75B10073453E /* main.m in Sources */,
			);
			runOnlyForDeploymentPostprocessing = 0;
		};
		9C276824181C75B10073453E /* Sources */ = {
			isa = PBXSourcesBuildPhase;
			buildActionMask = 2147483647;
			files = (
				9C276836181C75B10073453E /* LeaveATraceTests.m in Sources */,
			);
			runOnlyForDeploymentPostprocessing = 0;
		};
/* End PBXSourcesBuildPhase section */

/* Begin PBXTargetDependency section */
		9C27682E181C75B10073453E /* PBXTargetDependency */ = {
			isa = PBXTargetDependency;
			target = 9C276806181C75B10073453E /* LeaveATrace */;
			targetProxy = 9C27682D181C75B10073453E /* PBXContainerItemProxy */;
		};
/* End PBXTargetDependency section */

/* Begin PBXVariantGroup section */
		9C276813181C75B10073453E /* InfoPlist.strings */ = {
			isa = PBXVariantGroup;
			children = (
				9C276814181C75B10073453E /* en */,
			);
			name = InfoPlist.strings;
			sourceTree = "<group>";
		};
		9C27681C181C75B10073453E /* Main.storyboard */ = {
			isa = PBXVariantGroup;
			children = (
				9C27681D181C75B10073453E /* Base */,
			);
			name = Main.storyboard;
			sourceTree = "<group>";
		};
		9C276832181C75B10073453E /* InfoPlist.strings */ = {
			isa = PBXVariantGroup;
			children = (
				9C276833181C75B10073453E /* en */,
			);
			name = InfoPlist.strings;
			sourceTree = "<group>";
		};
/* End PBXVariantGroup section */

/* Begin XCBuildConfiguration section */
		9C276837181C75B10073453E /* Debug */ = {
			isa = XCBuildConfiguration;
			buildSettings = {
				ALWAYS_SEARCH_USER_PATHS = NO;
				ARCHS = "$(ARCHS_STANDARD_INCLUDING_64_BIT)";
				CLANG_CXX_LANGUAGE_STANDARD = "gnu++0x";
				CLANG_CXX_LIBRARY = "libc++";
				CLANG_ENABLE_MODULES = YES;
				CLANG_ENABLE_OBJC_ARC = YES;
				CLANG_WARN_BOOL_CONVERSION = YES;
				CLANG_WARN_CONSTANT_CONVERSION = YES;
				CLANG_WARN_DIRECT_OBJC_ISA_USAGE = YES_ERROR;
				CLANG_WARN_EMPTY_BODY = YES;
				CLANG_WARN_ENUM_CONVERSION = YES;
				CLANG_WARN_INT_CONVERSION = YES;
				CLANG_WARN_OBJC_ROOT_CLASS = YES_ERROR;
				CLANG_WARN__DUPLICATE_METHOD_MATCH = YES;
				"CODE_SIGN_IDENTITY[sdk=iphoneos*]" = "iPhone Developer";
				COPY_PHASE_STRIP = NO;
				GCC_C_LANGUAGE_STANDARD = gnu99;
				GCC_DYNAMIC_NO_PIC = NO;
				GCC_OPTIMIZATION_LEVEL = 0;
				GCC_PREPROCESSOR_DEFINITIONS = (
					"DEBUG=1",
					"$(inherited)",
				);
				GCC_SYMBOLS_PRIVATE_EXTERN = NO;
				GCC_WARN_64_TO_32_BIT_CONVERSION = YES;
				GCC_WARN_ABOUT_RETURN_TYPE = YES_ERROR;
				GCC_WARN_UNDECLARED_SELECTOR = YES;
				GCC_WARN_UNINITIALIZED_AUTOS = YES;
				GCC_WARN_UNUSED_FUNCTION = YES;
				GCC_WARN_UNUSED_VARIABLE = YES;
				IPHONEOS_DEPLOYMENT_TARGET = 7.0;
				ONLY_ACTIVE_ARCH = YES;
				SDKROOT = iphoneos;
			};
			name = Debug;
		};
		9C276838181C75B10073453E /* Release */ = {
			isa = XCBuildConfiguration;
			buildSettings = {
				ALWAYS_SEARCH_USER_PATHS = NO;
				ARCHS = "$(ARCHS_STANDARD_INCLUDING_64_BIT)";
				CLANG_CXX_LANGUAGE_STANDARD = "gnu++0x";
				CLANG_CXX_LIBRARY = "libc++";
				CLANG_ENABLE_MODULES = YES;
				CLANG_ENABLE_OBJC_ARC = YES;
				CLANG_WARN_BOOL_CONVERSION = YES;
				CLANG_WARN_CONSTANT_CONVERSION = YES;
				CLANG_WARN_DIRECT_OBJC_ISA_USAGE = YES_ERROR;
				CLANG_WARN_EMPTY_BODY = YES;
				CLANG_WARN_ENUM_CONVERSION = YES;
				CLANG_WARN_INT_CONVERSION = YES;
				CLANG_WARN_OBJC_ROOT_CLASS = YES_ERROR;
				CLANG_WARN__DUPLICATE_METHOD_MATCH = YES;
				"CODE_SIGN_IDENTITY[sdk=iphoneos*]" = "iPhone Developer";
				COPY_PHASE_STRIP = YES;
				ENABLE_NS_ASSERTIONS = NO;
				GCC_C_LANGUAGE_STANDARD = gnu99;
				GCC_WARN_64_TO_32_BIT_CONVERSION = YES;
				GCC_WARN_ABOUT_RETURN_TYPE = YES_ERROR;
				GCC_WARN_UNDECLARED_SELECTOR = YES;
				GCC_WARN_UNINITIALIZED_AUTOS = YES;
				GCC_WARN_UNUSED_FUNCTION = YES;
				GCC_WARN_UNUSED_VARIABLE = YES;
				IPHONEOS_DEPLOYMENT_TARGET = 7.0;
				SDKROOT = iphoneos;
				VALIDATE_PRODUCT = YES;
			};
			name = Release;
		};
		9C27683A181C75B10073453E /* Debug */ = {
			isa = XCBuildConfiguration;
			buildSettings = {
				ASSETCATALOG_COMPILER_APPICON_NAME = AppIcon;
				ASSETCATALOG_COMPILER_LAUNCHIMAGE_NAME = LaunchImage;
				CODE_SIGN_IDENTITY = "iPhone Developer: Daniel Brown (E87A7PXSD4)";
				FRAMEWORK_SEARCH_PATHS = (
					"$(inherited)",
					/Users/Ricky/Documents/MyStuff/AppProject/LeaveATrace,
				);
				GCC_PRECOMPILE_PREFIX_HEADER = YES;
				GCC_PREFIX_HEADER = "LeaveATrace/LeaveATrace-Prefix.pch";
				INFOPLIST_FILE = "LeaveATrace/LeaveATrace-Info.plist";
				PRODUCT_NAME = "$(TARGET_NAME)";
				WRAPPER_EXTENSION = app;
			};
			name = Debug;
		};
		9C27683B181C75B10073453E /* Release */ = {
			isa = XCBuildConfiguration;
			buildSettings = {
				ASSETCATALOG_COMPILER_APPICON_NAME = AppIcon;
				ASSETCATALOG_COMPILER_LAUNCHIMAGE_NAME = LaunchImage;
				CODE_SIGN_IDENTITY = "iPhone Developer: Daniel Brown (E87A7PXSD4)";
				FRAMEWORK_SEARCH_PATHS = (
					"$(inherited)",
					/Users/Ricky/Documents/MyStuff/AppProject/LeaveATrace,
				);
				GCC_PRECOMPILE_PREFIX_HEADER = YES;
				GCC_PREFIX_HEADER = "LeaveATrace/LeaveATrace-Prefix.pch";
				INFOPLIST_FILE = "LeaveATrace/LeaveATrace-Info.plist";
				PRODUCT_NAME = "$(TARGET_NAME)";
				WRAPPER_EXTENSION = app;
			};
			name = Release;
		};
		9C27683D181C75B10073453E /* Debug */ = {
			isa = XCBuildConfiguration;
			buildSettings = {
				ARCHS = "$(ARCHS_STANDARD_INCLUDING_64_BIT)";
				BUNDLE_LOADER = "$(BUILT_PRODUCTS_DIR)/LeaveATrace.app/LeaveATrace";
				FRAMEWORK_SEARCH_PATHS = (
					"$(SDKROOT)/Developer/Library/Frameworks",
					"$(inherited)",
					"$(DEVELOPER_FRAMEWORKS_DIR)",
				);
				GCC_PRECOMPILE_PREFIX_HEADER = YES;
				GCC_PREFIX_HEADER = "LeaveATrace/LeaveATrace-Prefix.pch";
				GCC_PREPROCESSOR_DEFINITIONS = (
					"DEBUG=1",
					"$(inherited)",
				);
				INFOPLIST_FILE = "LeaveATraceTests/LeaveATraceTests-Info.plist";
				PRODUCT_NAME = "$(TARGET_NAME)";
				TEST_HOST = "$(BUNDLE_LOADER)";
				WRAPPER_EXTENSION = xctest;
			};
			name = Debug;
		};
		9C27683E181C75B10073453E /* Release */ = {
			isa = XCBuildConfiguration;
			buildSettings = {
				ARCHS = "$(ARCHS_STANDARD_INCLUDING_64_BIT)";
				BUNDLE_LOADER = "$(BUILT_PRODUCTS_DIR)/LeaveATrace.app/LeaveATrace";
				FRAMEWORK_SEARCH_PATHS = (
					"$(SDKROOT)/Developer/Library/Frameworks",
					"$(inherited)",
					"$(DEVELOPER_FRAMEWORKS_DIR)",
				);
				GCC_PRECOMPILE_PREFIX_HEADER = YES;
				GCC_PREFIX_HEADER = "LeaveATrace/LeaveATrace-Prefix.pch";
				INFOPLIST_FILE = "LeaveATraceTests/LeaveATraceTests-Info.plist";
				PRODUCT_NAME = "$(TARGET_NAME)";
				TEST_HOST = "$(BUNDLE_LOADER)";
				WRAPPER_EXTENSION = xctest;
			};
			name = Release;
		};
/* End XCBuildConfiguration section */

/* Begin XCConfigurationList section */
		9C276802181C75B10073453E /* Build configuration list for PBXProject "LeaveATrace" */ = {
			isa = XCConfigurationList;
			buildConfigurations = (
				9C276837181C75B10073453E /* Debug */,
				9C276838181C75B10073453E /* Release */,
			);
			defaultConfigurationIsVisible = 0;
			defaultConfigurationName = Release;
		};
		9C276839181C75B10073453E /* Build configuration list for PBXNativeTarget "LeaveATrace" */ = {
			isa = XCConfigurationList;
			buildConfigurations = (
				9C27683A181C75B10073453E /* Debug */,
				9C27683B181C75B10073453E /* Release */,
			);
			defaultConfigurationIsVisible = 0;
			defaultConfigurationName = Release;
		};
		9C27683C181C75B10073453E /* Build configuration list for PBXNativeTarget "LeaveATraceTests" */ = {
			isa = XCConfigurationList;
			buildConfigurations = (
				9C27683D181C75B10073453E /* Debug */,
				9C27683E181C75B10073453E /* Release */,
			);
			defaultConfigurationIsVisible = 0;
			defaultConfigurationName = Release;
		};
/* End XCConfigurationList section */
	};
	rootObject = 9C2767FF181C75B10073453E /* Project object */;
}
