// !$*UTF8*$!
{
	archiveVersion = 1;
	classes = {
	};
	objectVersion = 46;
	objects = {

/* Begin PBXBuildFile section */
		9C27680B181C75B10073453E /* Foundation.framework in Frameworks */ = {isa = PBXBuildFile; fileRef = 9C27680A181C75B10073453E /* Foundation.framework */; };
		9C27680D181C75B10073453E /* CoreGraphics.framework in Frameworks */ = {isa = PBXBuildFile; fileRef = 9C27680C181C75B10073453E /* CoreGraphics.framework */; };
		9C27680F181C75B10073453E /* UIKit.framework in Frameworks */ = {isa = PBXBuildFile; fileRef = 9C27680E181C75B10073453E /* UIKit.framework */; };
		9C276815181C75B10073453E /* InfoPlist.strings in Resources */ = {isa = PBXBuildFile; fileRef = 9C276813181C75B10073453E /* InfoPlist.strings */; };
		9C276817181C75B10073453E /* main.m in Sources */ = {isa = PBXBuildFile; fileRef = 9C276816181C75B10073453E /* main.m */; };
		9C27681B181C75B10073453E /* AppDelegate.m in Sources */ = {isa = PBXBuildFile; fileRef = 9C27681A181C75B10073453E /* AppDelegate.m */; };
		9C27681E181C75B10073453E /* Main.storyboard in Resources */ = {isa = PBXBuildFile; fileRef = 9C27681C181C75B10073453E /* Main.storyboard */; };
		9C276821181C75B10073453E /* ViewController.m in Sources */ = {isa = PBXBuildFile; fileRef = 9C276820181C75B10073453E /* ViewController.m */; };
		9C276823181C75B10073453E /* Images.xcassets in Resources */ = {isa = PBXBuildFile; fileRef = 9C276822181C75B10073453E /* Images.xcassets */; };
		9C27682A181C75B10073453E /* XCTest.framework in Frameworks */ = {isa = PBXBuildFile; fileRef = 9C276829181C75B10073453E /* XCTest.framework */; };
		9C27682B181C75B10073453E /* Foundation.framework in Frameworks */ = {isa = PBXBuildFile; fileRef = 9C27680A181C75B10073453E /* Foundation.framework */; };
		9C27682C181C75B10073453E /* UIKit.framework in Frameworks */ = {isa = PBXBuildFile; fileRef = 9C27680E181C75B10073453E /* UIKit.framework */; };
		9C276834181C75B10073453E /* InfoPlist.strings in Resources */ = {isa = PBXBuildFile; fileRef = 9C276832181C75B10073453E /* InfoPlist.strings */; };
		9C276836181C75B10073453E /* LeaveATraceTests.m in Sources */ = {isa = PBXBuildFile; fileRef = 9C276835181C75B10073453E /* LeaveATraceTests.m */; };
/* End PBXBuildFile section */

/* Begin PBXContainerItemProxy section */
		9C27682D181C75B10073453E /* PBXContainerItemProxy */ = {
			isa = PBXContainerItemProxy;
			containerPortal = 9C2767FF181C75B10073453E /* Project object */;
			proxyType = 1;
			remoteGlobalIDString = 9C276806181C75B10073453E;
			remoteInfo = LeaveATrace;
		};
/* End PBXContainerItemProxy section */

/* Begin PBXFileReference section */
		9C276807181C75B10073453E /* LeaveATrace.app */ = {isa = PBXFileReference; explicitFileType = wrapper.application; includeInIndex = 0; path = LeaveATrace.app; sourceTree = BUILT_PRODUCTS_DIR; };
		9C27680A181C75B10073453E /* Foundation.framework */ = {isa = PBXFileReference; lastKnownFileType = wrapper.framework; name = Foundation.framework; path = System/Library/Frameworks/Foundation.framework; sourceTree = SDKROOT; };
		9C27680C181C75B10073453E /* CoreGraphics.framework */ = {isa = PBXFileReference; lastKnownFileType = wrapper.framework; name = CoreGraphics.framework; path = System/Library/Frameworks/CoreGraphics.framework; sourceTree = SDKROOT; };
		9C27680E181C75B10073453E /* UIKit.framework */ = {isa = PBXFileReference; lastKnownFileType = wrapper.framework; name = UIKit.framework; path = System/Library/Frameworks/UIKit.framework; sourceTree = SDKROOT; };
		9C276812181C75B10073453E /* LeaveATrace-Info.plist */ = {isa = PBXFileReference; lastKnownFileType = text.plist.xml; path = "LeaveATrace-Info.plist"; sourceTree = "<group>"; };
		9C276814181C75B10073453E /* en */ = {isa = PBXFileReference; lastKnownFileType = text.plist.strings; name = en; path = en.lproj/InfoPlist.strings; sourceTree = "<group>"; };
		9C276816181C75B10073453E /* main.m */ = {isa = PBXFileReference; lastKnownFileType = sourcecode.c.objc; path = main.m; sourceTree = "<group>"; };
		9C276818181C75B10073453E /* LeaveATrace-Prefix.pch */ = {isa = PBXFileReference; lastKnownFileType = sourcecode.c.h; path = "LeaveATrace-Prefix.pch"; sourceTree = "<group>"; };
		9C276819181C75B10073453E /* AppDelegate.h */ = {isa = PBXFileReference; lastKnownFileType = sourcecode.c.h; path = AppDelegate.h; sourceTree = "<group>"; };
		9C27681A181C75B10073453E /* AppDelegate.m */ = {isa = PBXFileReference; lastKnownFileType = sourcecode.c.objc; path = AppDelegate.m; sourceTree = "<group>"; };
		9C27681D181C75B10073453E /* Base */ = {isa = PBXFileReference; lastKnownFileType = file.storyboard; name = Base; path = Base.lproj/Main.storyboard; sourceTree = "<group>"; };
		9C27681F181C75B10073453E /* ViewController.h */ = {isa = PBXFileReference; lastKnownFileType = sourcecode.c.h; path = ViewController.h; sourceTree = "<group>"; };
		9C276820181C75B10073453E /* ViewController.m */ = {isa = PBXFileReference; lastKnownFileType = sourcecode.c.objc; path = ViewController.m; sourceTree = "<group>"; };
		9C276822181C75B10073453E /* Images.xcassets */ = {isa = PBXFileReference; lastKnownFileType = folder.assetcatalog; path = Images.xcassets; sourceTree = "<group>"; };
		9C276828181C75B10073453E /* LeaveATraceTests.xctest */ = {isa = PBXFileReference; explicitFileType = wrapper.cfbundle; includeInIndex = 0; path = LeaveATraceTests.xctest; sourceTree = BUILT_PRODUCTS_DIR; };
		9C276829181C75B10073453E /* XCTest.framework */ = {isa = PBXFileReference; lastKnownFileType = wrapper.framework; name = XCTest.framework; path = Library/Frameworks/XCTest.framework; sourceTree = DEVELOPER_DIR; };
		9C276831181C75B10073453E /* LeaveATraceTests-Info.plist */ = {isa = PBXFileReference; lastKnownFileType = text.plist.xml; path = "LeaveATraceTests-Info.plist"; sourceTree = "<group>"; };
		9C276833181C75B10073453E /* en */ = {isa = PBXFileReference; lastKnownFileType = text.plist.strings; name = en; path = en.lproj/InfoPlist.strings; sourceTree = "<group>"; };
		9C276835181C75B10073453E /* LeaveATraceTests.m */ = {isa = PBXFileReference; lastKnownFileType = sourcecode.c.objc; path = LeaveATraceTests.m; sourceTree = "<group>"; };
/* End PBXFileReference section */

/* Begin PBXFrameworksBuildPhase section */
		9C276804181C75B10073453E /* Frameworks */ = {
			isa = PBXFrameworksBuildPhase;
			buildActionMask = 2147483647;
			files = (
				9C27680D181C75B10073453E /* CoreGraphics.framework in Frameworks */,
				9C27680F181C75B10073453E /* UIKit.framework in Frameworks */,
				9C27680B181C75B10073453E /* Foundation.framework in Frameworks */,
			);
			runOnlyForDeploymentPostprocessing = 0;
		};
		9C276825181C75B10073453E /* Frameworks */ = {
			isa = PBXFrameworksBuildPhase;
			buildActionMask = 2147483647;
			files = (
				9C27682A181C75B10073453E /* XCTest.framework in Frameworks */,
				9C27682C181C75B10073453E /* UIKit.framework in Frameworks */,
				9C27682B181C75B10073453E /* Foundation.framework in Frameworks */,
			);
			runOnlyForDeploymentPostprocessing = 0;
		};
/* End PBXFrameworksBuildPhase section */

/* Begin PBXGroup section */
		9C2767FE181C75B10073453E = {
			isa = PBXGroup;
			children = (
				9C276810181C75B10073453E /* LeaveATrace */,
				9C27682F181C75B10073453E /* LeaveATraceTests */,
				9C276809181C75B10073453E /* Frameworks */,
				9C276808181C75B10073453E /* Products */,
			);
			sourceTree = "<group>";
		};
		9C276808181C75B10073453E /* Products */ = {
			isa = PBXGroup;
			children = (
				9C276807181C75B10073453E /* LeaveATrace.app */,
				9C276828181C75B10073453E /* LeaveATraceTests.xctest */,
			);
			name = Products;
			sourceTree = "<group>";
		};
		9C276809181C75B10073453E /* Frameworks */ = {
			isa = PBXGroup;
			children = (
				9C27680A181C75B10073453E /* Foundation.framework */,
				9C27680C181C75B10073453E /* CoreGraphics.framework */,
				9C27680E181C75B10073453E /* UIKit.framework */,
				9C276829181C75B10073453E /* XCTest.framework */,
			);
			name = Frameworks;
			sourceTree = "<group>";
		};
		9C276810181C75B10073453E /* LeaveATrace */ = {
			isa = PBXGroup;
			children = (
				9C276819181C75B10073453E /* AppDelegate.h */,
				9C27681A181C75B10073453E /* AppDelegate.m */,
				9C27681C181C75B10073453E /* Main.storyboard */,
				9C27681F181C75B10073453E /* ViewController.h */,
				9C276820181C75B10073453E /* ViewController.m */,
				9C276822181C75B10073453E /* Images.xcassets */,
				9C276811181C75B10073453E /* Supporting Files */,
			);
			path = LeaveATrace;
			sourceTree = "<group>";
		};
		9C276811181C75B10073453E /* Supporting Files */ = {
			isa = PBXGroup;
			children = (
				9C276812181C75B10073453E /* LeaveATrace-Info.plist */,
				9C276813181C75B10073453E /* InfoPlist.strings */,
				9C276816181C75B10073453E /* main.m */,
				9C276818181C75B10073453E /* LeaveATrace-Prefix.pch */,
			);
			name = "Supporting Files";
			sourceTree = "<group>";
		};
		9C27682F181C75B10073453E /* LeaveATraceTests */ = {
			isa = PBXGroup;
			children = (
				9C276835181C75B10073453E /* LeaveATraceTests.m */,
				9C276830181C75B10073453E /* Supporting Files */,
			);
			path = LeaveATraceTests;
			sourceTree = "<group>";
		};
		9C276830181C75B10073453E /* Supporting Files */ = {
			isa = PBXGroup;
			children = (
				9C276831181C75B10073453E /* LeaveATraceTests-Info.plist */,
				9C276832181C75B10073453E /* InfoPlist.strings */,
			);
			name = "Supporting Files";
			sourceTree = "<group>";
		};
/* End PBXGroup section */

/* Begin PBXNativeTarget section */
		9C276806181C75B10073453E /* LeaveATrace */ = {
			isa = PBXNativeTarget;
			buildConfigurationList = 9C276839181C75B10073453E /* Build configuration list for PBXNativeTarget "LeaveATrace" */;
			buildPhases = (
				9C276803181C75B10073453E /* Sources */,
				9C276804181C75B10073453E /* Frameworks */,
				9C276805181C75B10073453E /* Resources */,
			);
			buildRules = (
			);
			dependencies = (
			);
			name = LeaveATrace;
			productName = LeaveATrace;
			productReference = 9C276807181C75B10073453E /* LeaveATrace.app */;
			productType = "com.apple.product-type.application";
		};
		9C276827181C75B10073453E /* LeaveATraceTests */ = {
			isa = PBXNativeTarget;
			buildConfigurationList = 9C27683C181C75B10073453E /* Build configuration list for PBXNativeTarget "LeaveATraceTests" */;
			buildPhases = (
				9C276824181C75B10073453E /* Sources */,
				9C276825181C75B10073453E /* Frameworks */,
				9C276826181C75B10073453E /* Resources */,
			);
			buildRules = (
			);
			dependencies = (
				9C27682E181C75B10073453E /* PBXTargetDependency */,
			);
			name = LeaveATraceTests;
			productName = LeaveATraceTests;
			productReference = 9C276828181C75B10073453E /* LeaveATraceTests.xctest */;
			productType = "com.apple.product-type.bundle.unit-test";
		};
/* End PBXNativeTarget section */

/* Begin PBXProject section */
		9C2767FF181C75B10073453E /* Project object */ = {
			isa = PBXProject;
			attributes = {
				LastUpgradeCheck = 0500;
				ORGANIZATIONNAME = 15and50;
				TargetAttributes = {
					9C276827181C75B10073453E = {
						TestTargetID = 9C276806181C75B10073453E;
					};
				};
			};
			buildConfigurationList = 9C276802181C75B10073453E /* Build configuration list for PBXProject "LeaveATrace" */;
			compatibilityVersion = "Xcode 3.2";
			developmentRegion = English;
			hasScannedForEncodings = 0;
			knownRegions = (
				en,
				Base,
			);
			mainGroup = 9C2767FE181C75B10073453E;
			productRefGroup = 9C276808181C75B10073453E /* Products */;
			projectDirPath = "";
			projectRoot = "";
			targets = (
				9C276806181C75B10073453E /* LeaveATrace */,
				9C276827181C75B10073453E /* LeaveATraceTests */,
			);
		};
/* End PBXProject section */

/* Begin PBXResourcesBuildPhase section */
		9C276805181C75B10073453E /* Resources */ = {
			isa = PBXResourcesBuildPhase;
			buildActionMask = 2147483647;
			files = (
				9C276823181C75B10073453E /* Images.xcassets in Resources */,
				9C276815181C75B10073453E /* InfoPlist.strings in Resources */,
				9C27681E181C75B10073453E /* Main.storyboard in Resources */,
			);
			runOnlyForDeploymentPostprocessing = 0;
		};
		9C276826181C75B10073453E /* Resources */ = {
			isa = PBXResourcesBuildPhase;
			buildActionMask = 2147483647;
			files = (
				9C276834181C75B10073453E /* InfoPlist.strings in Resources */,
			);
			runOnlyForDeploymentPostprocessing = 0;
		};
/* End PBXResourcesBuildPhase section */

/* Begin PBXSourcesBuildPhase section */
		9C276803181C75B10073453E /* Sources */ = {
			isa = PBXSourcesBuildPhase;
			buildActionMask = 2147483647;
			files = (
				9C276821181C75B10073453E /* ViewController.m in Sources */,
				9C27681B181C75B10073453E /* AppDelegate.m in Sources */,
				9C276817181C75B10073453E /* main.m in Sources */,
			);
			runOnlyForDeploymentPostprocessing = 0;
		};
		9C276824181C75B10073453E /* Sources */ = {
			isa = PBXSourcesBuildPhase;
			buildActionMask = 2147483647;
			files = (
				9C276836181C75B10073453E /* LeaveATraceTests.m in Sources */,
			);
			runOnlyForDeploymentPostprocessing = 0;
		};
/* End PBXSourcesBuildPhase section */

/* Begin PBXTargetDependency section */
		9C27682E181C75B10073453E /* PBXTargetDependency */ = {
			isa = PBXTargetDependency;
			target = 9C276806181C75B10073453E /* LeaveATrace */;
			targetProxy = 9C27682D181C75B10073453E /* PBXContainerItemProxy */;
		};
/* End PBXTargetDependency section */

/* Begin PBXVariantGroup section */
		9C276813181C75B10073453E /* InfoPlist.strings */ = {
			isa = PBXVariantGroup;
			children = (
				9C276814181C75B10073453E /* en */,
			);
			name = InfoPlist.strings;
			sourceTree = "<group>";
		};
		9C27681C181C75B10073453E /* Main.storyboard */ = {
			isa = PBXVariantGroup;
			children = (
				9C27681D181C75B10073453E /* Base */,
			);
			name = Main.storyboard;
			sourceTree = "<group>";
		};
		9C276832181C75B10073453E /* InfoPlist.strings */ = {
			isa = PBXVariantGroup;
			children = (
				9C276833181C75B10073453E /* en */,
			);
			name = InfoPlist.strings;
			sourceTree = "<group>";
		};
/* End PBXVariantGroup section */

/* Begin XCBuildConfiguration section */
		9C276837181C75B10073453E /* Debug */ = {
			isa = XCBuildConfiguration;
			buildSettings = {
				ALWAYS_SEARCH_USER_PATHS = NO;
				ARCHS = "$(ARCHS_STANDARD_INCLUDING_64_BIT)";
				CLANG_CXX_LANGUAGE_STANDARD = "gnu++0x";
				CLANG_CXX_LIBRARY = "libc++";
				CLANG_ENABLE_MODULES = YES;
				CLANG_ENABLE_OBJC_ARC = YES;
				CLANG_WARN_BOOL_CONVERSION = YES;
				CLANG_WARN_CONSTANT_CONVERSION = YES;
				CLANG_WARN_DIRECT_OBJC_ISA_USAGE = YES_ERROR;
				CLANG_WARN_EMPTY_BODY = YES;
				CLANG_WARN_ENUM_CONVERSION = YES;
				CLANG_WARN_INT_CONVERSION = YES;
				CLANG_WARN_OBJC_ROOT_CLASS = YES_ERROR;
				CLANG_WARN__DUPLICATE_METHOD_MATCH = YES;
				"CODE_SIGN_IDENTITY[sdk=iphoneos*]" = "iPhone Developer";
				COPY_PHASE_STRIP = NO;
				GCC_C_LANGUAGE_STANDARD = gnu99;
				GCC_DYNAMIC_NO_PIC = NO;
				GCC_OPTIMIZATION_LEVEL = 0;
				GCC_PREPROCESSOR_DEFINITIONS = (
					"DEBUG=1",
					"$(inherited)",
				);
				GCC_SYMBOLS_PRIVATE_EXTERN = NO;
				GCC_WARN_64_TO_32_BIT_CONVERSION = YES;
				GCC_WARN_ABOUT_RETURN_TYPE = YES_ERROR;
				GCC_WARN_UNDECLARED_SELECTOR = YES;
				GCC_WARN_UNINITIALIZED_AUTOS = YES;
				GCC_WARN_UNUSED_FUNCTION = YES;
				GCC_WARN_UNUSED_VARIABLE = YES;
				IPHONEOS_DEPLOYMENT_TARGET = 7.0;
				ONLY_ACTIVE_ARCH = YES;
				SDKROOT = iphoneos;
			};
			name = Debug;
		};
		9C276838181C75B10073453E /* Release */ = {
			isa = XCBuildConfiguration;
			buildSettings = {
				ALWAYS_SEARCH_USER_PATHS = NO;
				ARCHS = "$(ARCHS_STANDARD_INCLUDING_64_BIT)";
				CLANG_CXX_LANGUAGE_STANDARD = "gnu++0x";
				CLANG_CXX_LIBRARY = "libc++";
				CLANG_ENABLE_MODULES = YES;
				CLANG_ENABLE_OBJC_ARC = YES;
				CLANG_WARN_BOOL_CONVERSION = YES;
				CLANG_WARN_CONSTANT_CONVERSION = YES;
				CLANG_WARN_DIRECT_OBJC_ISA_USAGE = YES_ERROR;
				CLANG_WARN_EMPTY_BODY = YES;
				CLANG_WARN_ENUM_CONVERSION = YES;
				CLANG_WARN_INT_CONVERSION = YES;
				CLANG_WARN_OBJC_ROOT_CLASS = YES_ERROR;
				CLANG_WARN__DUPLICATE_METHOD_MATCH = YES;
				"CODE_SIGN_IDENTITY[sdk=iphoneos*]" = "iPhone Developer";
				COPY_PHASE_STRIP = YES;
				ENABLE_NS_ASSERTIONS = NO;
				GCC_C_LANGUAGE_STANDARD = gnu99;
				GCC_WARN_64_TO_32_BIT_CONVERSION = YES;
				GCC_WARN_ABOUT_RETURN_TYPE = YES_ERROR;
				GCC_WARN_UNDECLARED_SELECTOR = YES;
				GCC_WARN_UNINITIALIZED_AUTOS = YES;
				GCC_WARN_UNUSED_FUNCTION = YES;
				GCC_WARN_UNUSED_VARIABLE = YES;
				IPHONEOS_DEPLOYMENT_TARGET = 7.0;
				SDKROOT = iphoneos;
				VALIDATE_PRODUCT = YES;
			};
			name = Release;
		};
		9C27683A181C75B10073453E /* Debug */ = {
			isa = XCBuildConfiguration;
			buildSettings = {
				ASSETCATALOG_COMPILER_APPICON_NAME = AppIcon;
				ASSETCATALOG_COMPILER_LAUNCHIMAGE_NAME = LaunchImage;
				GCC_PRECOMPILE_PREFIX_HEADER = YES;
				GCC_PREFIX_HEADER = "LeaveATrace/LeaveATrace-Prefix.pch";
				INFOPLIST_FILE = "LeaveATrace/LeaveATrace-Info.plist";
				PRODUCT_NAME = "$(TARGET_NAME)";
				WRAPPER_EXTENSION = app;
			};
			name = Debug;
		};
		9C27683B181C75B10073453E /* Release */ = {
			isa = XCBuildConfiguration;
			buildSettings = {
				ASSETCATALOG_COMPILER_APPICON_NAME = AppIcon;
				ASSETCATALOG_COMPILER_LAUNCHIMAGE_NAME = LaunchImage;
				GCC_PRECOMPILE_PREFIX_HEADER = YES;
				GCC_PREFIX_HEADER = "LeaveATrace/LeaveATrace-Prefix.pch";
				INFOPLIST_FILE = "LeaveATrace/LeaveATrace-Info.plist";
				PRODUCT_NAME = "$(TARGET_NAME)";
				WRAPPER_EXTENSION = app;
			};
			name = Release;
		};
		9C27683D181C75B10073453E /* Debug */ = {
			isa = XCBuildConfiguration;
			buildSettings = {
				ARCHS = "$(ARCHS_STANDARD_INCLUDING_64_BIT)";
				BUNDLE_LOADER = "$(BUILT_PRODUCTS_DIR)/LeaveATrace.app/LeaveATrace";
				FRAMEWORK_SEARCH_PATHS = (
					"$(SDKROOT)/Developer/Library/Frameworks",
					"$(inherited)",
					"$(DEVELOPER_FRAMEWORKS_DIR)",
				);
				GCC_PRECOMPILE_PREFIX_HEADER = YES;
				GCC_PREFIX_HEADER = "LeaveATrace/LeaveATrace-Prefix.pch";
				GCC_PREPROCESSOR_DEFINITIONS = (
					"DEBUG=1",
					"$(inherited)",
				);
				INFOPLIST_FILE = "LeaveATraceTests/LeaveATraceTests-Info.plist";
				PRODUCT_NAME = "$(TARGET_NAME)";
				TEST_HOST = "$(BUNDLE_LOADER)";
				WRAPPER_EXTENSION = xctest;
			};
			name = Debug;
		};
		9C27683E181C75B10073453E /* Release */ = {
			isa = XCBuildConfiguration;
			buildSettings = {
				ARCHS = "$(ARCHS_STANDARD_INCLUDING_64_BIT)";
				BUNDLE_LOADER = "$(BUILT_PRODUCTS_DIR)/LeaveATrace.app/LeaveATrace";
				FRAMEWORK_SEARCH_PATHS = (
					"$(SDKROOT)/Developer/Library/Frameworks",
					"$(inherited)",
					"$(DEVELOPER_FRAMEWORKS_DIR)",
				);
				GCC_PRECOMPILE_PREFIX_HEADER = YES;
				GCC_PREFIX_HEADER = "LeaveATrace/LeaveATrace-Prefix.pch";
				INFOPLIST_FILE = "LeaveATraceTests/LeaveATraceTests-Info.plist";
				PRODUCT_NAME = "$(TARGET_NAME)";
				TEST_HOST = "$(BUNDLE_LOADER)";
				WRAPPER_EXTENSION = xctest;
			};
			name = Release;
		};
/* End XCBuildConfiguration section */

/* Begin XCConfigurationList section */
		9C276802181C75B10073453E /* Build configuration list for PBXProject "LeaveATrace" */ = {
			isa = XCConfigurationList;
			buildConfigurations = (
				9C276837181C75B10073453E /* Debug */,
				9C276838181C75B10073453E /* Release */,
			);
			defaultConfigurationIsVisible = 0;
			defaultConfigurationName = Release;
		};
		9C276839181C75B10073453E /* Build configuration list for PBXNativeTarget "LeaveATrace" */ = {
			isa = XCConfigurationList;
			buildConfigurations = (
				9C27683A181C75B10073453E /* Debug */,
				9C27683B181C75B10073453E /* Release */,
			);
			defaultConfigurationIsVisible = 0;
		};
		9C27683C181C75B10073453E /* Build configuration list for PBXNativeTarget "LeaveATraceTests" */ = {
			isa = XCConfigurationList;
			buildConfigurations = (
				9C27683D181C75B10073453E /* Debug */,
				9C27683E181C75B10073453E /* Release */,
			);
			defaultConfigurationIsVisible = 0;
		};
/* End XCConfigurationList section */
	};
	rootObject = 9C2767FF181C75B10073453E /* Project object */;
}
